
Microsoft Visual Studio Solution File, Format Version 12.00
# Visual Studio 2013
VisualStudioVersion = 12.0.31101.0
MinimumVisualStudioVersion = 10.0.40219.1
Project("{FAE04EC0-301F-11D3-BF4B-00C04F79EFBC}") = "Chemicals.Models", "Molybdenum.Models\Chemicals.Models.csproj", "{C65FF474-D22D-4DBB-81BC-3ED43A255953}"
EndProject
Project("{FAE04EC0-301F-11D3-BF4B-00C04F79EFBC}") = "Chemicals.ConsoleTesterApp", "Chemicals.ConsoleTesterApp\Chemicals.ConsoleTesterApp.csproj", "{3C743FB6-4FE4-40FF-A49E-BF0CDC820877}"
EndProject
Project("{FAE04EC0-301F-11D3-BF4B-00C04F79EFBC}") = "Chemicals.Data.SQLServer", "Molybdenum.Data\Chemicals.Data.SQLServer.csproj", "{AA50B7B3-3127-4E78-8F79-C3B7F6725F14}"
EndProject
Project("{FAE04EC0-301F-11D3-BF4B-00C04F79EFBC}") = "Chemicals.MongoData", "Chemicals.MongoData\Chemicals.MongoData.csproj", "{C3FF09FA-1ED1-4030-B059-86452839E655}"
EndProject
Project("{FAE04EC0-301F-11D3-BF4B-00C04F79EFBC}") = "Chemicals.ExcelDataIE", "Chemicals.ExcelImporter\Chemicals.ExcelDataIE.csproj", "{099B7988-86BD-4C81-B147-033F0D1F5B9E}"
EndProject
Project("{FAE04EC0-301F-11D3-BF4B-00C04F79EFBC}") = "Chemicals.ReportingServices", "Chemicals.ReportingServices\Chemicals.ReportingServices.csproj", "{EFB2FA56-B27F-4B77-93DE-FDA484E3BC5B}"
EndProject
Project("{FAE04EC0-301F-11D3-BF4B-00C04F79EFBC}") = "Chemicals.SQLightData", "Chemicals.SQLightData\Chemicals.SQLightData.csproj", "{83445917-F2CB-47EC-AD25-AB628AC05487}"
EndProject
Project("{FAE04EC0-301F-11D3-BF4B-00C04F79EFBC}") = "Chemicals.Export.JSON", "Chemicals.Export.JSON\Chemicals.Export.JSON.csproj", "{6E0C1688-37FC-494D-B624-157EC2923560}"
EndProject
Project("{FAE04EC0-301F-11D3-BF4B-00C04F79EFBC}") = "Chemicals.XmlData", "Chemicals.XmlData\Chemicals.XmlData.csproj", "{F3FEB095-CBF8-4287-8411-79A329109BB8}"
EndProject
Project("{FAE04EC0-301F-11D3-BF4B-00C04F79EFBC}") = "Chemicals.MySqlData", "Chemicals.MySqlData\Chemicals.MySqlData.csproj", "{1FEFA3EA-C314-4444-BC00-5550B196A1DC}"
EndProject
Global
	GlobalSection(SolutionConfigurationPlatforms) = preSolution
		Debug|Any CPU = Debug|Any CPU
		Release|Any CPU = Release|Any CPU
	EndGlobalSection
	GlobalSection(ProjectConfigurationPlatforms) = postSolution
		{C65FF474-D22D-4DBB-81BC-3ED43A255953}.Debug|Any CPU.ActiveCfg = Debug|Any CPU
		{C65FF474-D22D-4DBB-81BC-3ED43A255953}.Debug|Any CPU.Build.0 = Debug|Any CPU
		{C65FF474-D22D-4DBB-81BC-3ED43A255953}.Release|Any CPU.ActiveCfg = Release|Any CPU
		{C65FF474-D22D-4DBB-81BC-3ED43A255953}.Release|Any CPU.Build.0 = Release|Any CPU
		{3C743FB6-4FE4-40FF-A49E-BF0CDC820877}.Debug|Any CPU.ActiveCfg = Debug|Any CPU
		{3C743FB6-4FE4-40FF-A49E-BF0CDC820877}.Debug|Any CPU.Build.0 = Debug|Any CPU
		{3C743FB6-4FE4-40FF-A49E-BF0CDC820877}.Release|Any CPU.ActiveCfg = Release|Any CPU
		{3C743FB6-4FE4-40FF-A49E-BF0CDC820877}.Release|Any CPU.Build.0 = Release|Any CPU
		{AA50B7B3-3127-4E78-8F79-C3B7F6725F14}.Debug|Any CPU.ActiveCfg = Debug|Any CPU
		{AA50B7B3-3127-4E78-8F79-C3B7F6725F14}.Debug|Any CPU.Build.0 = Debug|Any CPU
		{AA50B7B3-3127-4E78-8F79-C3B7F6725F14}.Release|Any CPU.ActiveCfg = Release|Any CPU
		{AA50B7B3-3127-4E78-8F79-C3B7F6725F14}.Release|Any CPU.Build.0 = Release|Any CPU
		{C3FF09FA-1ED1-4030-B059-86452839E655}.Debug|Any CPU.ActiveCfg = Debug|Any CPU
		{C3FF09FA-1ED1-4030-B059-86452839E655}.Debug|Any CPU.Build.0 = Debug|Any CPU
		{C3FF09FA-1ED1-4030-B059-86452839E655}.Release|Any CPU.ActiveCfg = Release|Any CPU
		{C3FF09FA-1ED1-4030-B059-86452839E655}.Release|Any CPU.Build.0 = Release|Any CPU
		{099B7988-86BD-4C81-B147-033F0D1F5B9E}.Debug|Any CPU.ActiveCfg = Debug|Any CPU
		{099B7988-86BD-4C81-B147-033F0D1F5B9E}.Debug|Any CPU.Build.0 = Debug|Any CPU
		{099B7988-86BD-4C81-B147-033F0D1F5B9E}.Release|Any CPU.ActiveCfg = Release|Any CPU
		{099B7988-86BD-4C81-B147-033F0D1F5B9E}.Release|Any CPU.Build.0 = Release|Any CPU
		{EFB2FA56-B27F-4B77-93DE-FDA484E3BC5B}.Debug|Any CPU.ActiveCfg = Debug|Any CPU
		{EFB2FA56-B27F-4B77-93DE-FDA484E3BC5B}.Debug|Any CPU.Build.0 = Debug|Any CPU
		{EFB2FA56-B27F-4B77-93DE-FDA484E3BC5B}.Release|Any CPU.ActiveCfg = Release|Any CPU
		{EFB2FA56-B27F-4B77-93DE-FDA484E3BC5B}.Release|Any CPU.Build.0 = Release|Any CPU
		{83445917-F2CB-47EC-AD25-AB628AC05487}.Debug|Any CPU.ActiveCfg = Debug|Any CPU
		{83445917-F2CB-47EC-AD25-AB628AC05487}.Debug|Any CPU.Build.0 = Debug|Any CPU
		{83445917-F2CB-47EC-AD25-AB628AC05487}.Release|Any CPU.ActiveCfg = Release|Any CPU
		{83445917-F2CB-47EC-AD25-AB628AC05487}.Release|Any CPU.Build.0 = Release|Any CPU
		{6E0C1688-37FC-494D-B624-157EC2923560}.Debug|Any CPU.ActiveCfg = Debug|Any CPU
		{6E0C1688-37FC-494D-B624-157EC2923560}.Debug|Any CPU.Build.0 = Debug|Any CPU
		{6E0C1688-37FC-494D-B624-157EC2923560}.Release|Any CPU.ActiveCfg = Release|Any CPU
		{6E0C1688-37FC-494D-B624-157EC2923560}.Release|Any CPU.Build.0 = Release|Any CPU
		{F3FEB095-CBF8-4287-8411-79A329109BB8}.Debug|Any CPU.ActiveCfg = Debug|Any CPU
		{F3FEB095-CBF8-4287-8411-79A329109BB8}.Debug|Any CPU.Build.0 = Debug|Any CPU
		{F3FEB095-CBF8-4287-8411-79A329109BB8}.Release|Any CPU.ActiveCfg = Release|Any CPU
		{F3FEB095-CBF8-4287-8411-79A329109BB8}.Release|Any CPU.Build.0 = Release|Any CPU
		{1FEFA3EA-C314-4444-BC00-5550B196A1DC}.Debug|Any CPU.ActiveCfg = Debug|Any CPU
		{1FEFA3EA-C314-4444-BC00-5550B196A1DC}.Debug|Any CPU.Build.0 = Debug|Any CPU
		{1FEFA3EA-C314-4444-BC00-5550B196A1DC}.Release|Any CPU.ActiveCfg = Release|Any CPU
		{1FEFA3EA-C314-4444-BC00-5550B196A1DC}.Release|Any CPU.Build.0 = Release|Any CPU
	EndGlobalSection
	GlobalSection(SolutionProperties) = preSolution
		HideSolutionNode = FALSE
	EndGlobalSection
EndGlobal
