
Microsoft Visual Studio Solution File, Format Version 12.00
# Visual Studio 2013
VisualStudioVersion = 12.0.31101.0
MinimumVisualStudioVersion = 10.0.40219.1
Project("{FAE04EC0-301F-11D3-BF4B-00C04F79EFBC}") = "Chemicals.Models", "Molybdenum.Models\Chemicals.Models.csproj", "{C65FF474-D22D-4DBB-81BC-3ED43A255953}"
EndProject
Project("{FAE04EC0-301F-11D3-BF4B-00C04F79EFBC}") = "Chemicals.Data", "Molybdenum.Data\Chemicals.Data.csproj", "{AA50B7B3-3127-4E78-8F79-C3B7F6725F14}"
EndProject
Project("{FAE04EC0-301F-11D3-BF4B-00C04F79EFBC}") = "Chemicals.ConsoleTesterApp", "Chemicals.ConsoleTesterApp\Chemicals.ConsoleTesterApp.csproj", "{3C743FB6-4FE4-40FF-A49E-BF0CDC820877}"
EndProject
Global
	GlobalSection(SolutionConfigurationPlatforms) = preSolution
		Debug|Any CPU = Debug|Any CPU
		Release|Any CPU = Release|Any CPU
	EndGlobalSection
	GlobalSection(ProjectConfigurationPlatforms) = postSolution
		{C65FF474-D22D-4DBB-81BC-3ED43A255953}.Debug|Any CPU.ActiveCfg = Debug|Any CPU
		{C65FF474-D22D-4DBB-81BC-3ED43A255953}.Debug|Any CPU.Build.0 = Debug|Any CPU
		{C65FF474-D22D-4DBB-81BC-3ED43A255953}.Release|Any CPU.ActiveCfg = Release|Any CPU
		{C65FF474-D22D-4DBB-81BC-3ED43A255953}.Release|Any CPU.Build.0 = Release|Any CPU
		{AA50B7B3-3127-4E78-8F79-C3B7F6725F14}.Debug|Any CPU.ActiveCfg = Debug|Any CPU
		{AA50B7B3-3127-4E78-8F79-C3B7F6725F14}.Debug|Any CPU.Build.0 = Debug|Any CPU
		{AA50B7B3-3127-4E78-8F79-C3B7F6725F14}.Release|Any CPU.ActiveCfg = Release|Any CPU
		{AA50B7B3-3127-4E78-8F79-C3B7F6725F14}.Release|Any CPU.Build.0 = Release|Any CPU
		{3C743FB6-4FE4-40FF-A49E-BF0CDC820877}.Debug|Any CPU.ActiveCfg = Debug|Any CPU
		{3C743FB6-4FE4-40FF-A49E-BF0CDC820877}.Debug|Any CPU.Build.0 = Debug|Any CPU
		{3C743FB6-4FE4-40FF-A49E-BF0CDC820877}.Release|Any CPU.ActiveCfg = Release|Any CPU
		{3C743FB6-4FE4-40FF-A49E-BF0CDC820877}.Release|Any CPU.Build.0 = Release|Any CPU
	EndGlobalSection
	GlobalSection(SolutionProperties) = preSolution
		HideSolutionNode = FALSE
	EndGlobalSection
EndGlobal
